{
  "name": "typescriptfolder",
  "version": "1.0.0",
  "lockfileVersion": 1,
  "requires": true,
  "dependencies": {
    "@types/google.analytics": {
      "version": "0.0.33",
      "resolved": "https://registry.npmjs.org/@types/google.analytics/-/google.analytics-0.0.33.tgz",
      "integrity": "sha1-mOcE7WBSIU6gtf0wlY1MPXDqBHk=",
      "dev": true
    },
    "@types/jquery": {
      "version": "2.0.48",
      "resolved": "https://registry.npmjs.org/@types/jquery/-/jquery-2.0.48.tgz",
      "integrity": "sha512-nNLzUrVjaRV/Ds1eHZLYTd7IZxs38cwwLSaqMJj8OTXY8xNUbxSK69bi9cMLvQ7dm/IBeQ1wHwQ0S1uYa0rd2w==",
      "dev": true
    },
    "@types/youtube": {
      "version": "0.0.29",
      "resolved": "https://registry.npmjs.org/@types/youtube/-/youtube-0.0.29.tgz",
      "integrity": "sha1-fxZiTQrRtWarw0gLXvgjEEjPPNE=",
      "dev": true
    },
    "jquery": {
      "version": "3.2.1",
      "resolved": "https://registry.npmjs.org/jquery/-/jquery-3.2.1.tgz",
      "integrity": "sha1-XE2d5lKvbNCncBVKYxu6ErAVx4c="
    },
    "typescript": {
      "version": "2.5.1",
      "resolved": "https://registry.npmjs.org/typescript/-/typescript-2.5.1.tgz",
      "integrity": "sha1-znzJOto94ZR1zJ0X463qeu4YMqo=",
      "dev": true
    }
  }
}
